[root]
name = "gstreamer-video"
version = "0.1.0"
dependencies = [
 "bitflags 0.9.1 (registry+https://github.com/rust-lang/crates.io-index)",
 "glib 0.1.3 (git+https://github.com/gtk-rs/glib)",
 "glib-sys 0.3.4 (git+https://github.com/gtk-rs/sys)",
 "gobject-sys 0.3.4 (git+https://github.com/gtk-rs/sys)",
 "gstreamer 0.1.0",
 "gstreamer-sys 0.1.1 (git+https://github.com/sdroege/gstreamer-sys)",
 "gstreamer-video-sys 0.1.1 (git+https://github.com/sdroege/gstreamer-sys)",
 "libc 0.2.29 (registry+https://github.com/rust-lang/crates.io-index)",
 "rustdoc-stripper 0.1.4 (registry+https://github.com/rust-lang/crates.io-index)",
]

[[package]]
name = "array-init"
version = "0.0.2"
source = "registry+https://github.com/rust-lang/crates.io-index"
dependencies = [
 "nodrop 0.1.9 (registry+https://github.com/rust-lang/crates.io-index)",
]

[[package]]
name = "atk-sys"
version = "0.3.4"
source = "git+https://github.com/gtk-rs/sys#af83826e0a31f68bcddee17d3791fb01453dc632"
dependencies = [
 "bitflags 0.9.1 (registry+https://github.com/rust-lang/crates.io-index)",
 "glib-sys 0.3.4 (git+https://github.com/gtk-rs/sys)",
 "gobject-sys 0.3.4 (git+https://github.com/gtk-rs/sys)",
 "libc 0.2.29 (registry+https://github.com/rust-lang/crates.io-index)",
 "pkg-config 0.3.9 (registry+https://github.com/rust-lang/crates.io-index)",
]

[[package]]
name = "bitflags"
version = "0.7.0"
source = "registry+https://github.com/rust-lang/crates.io-index"

[[package]]
name = "bitflags"
version = "0.9.1"
source = "registry+https://github.com/rust-lang/crates.io-index"

[[package]]
name = "byteorder"
version = "1.1.0"
source = "registry+https://github.com/rust-lang/crates.io-index"

[[package]]
name = "bytes"
version = "0.4.4"
source = "registry+https://github.com/rust-lang/crates.io-index"
dependencies = [
 "byteorder 1.1.0 (registry+https://github.com/rust-lang/crates.io-index)",
 "iovec 0.1.0 (registry+https://github.com/rust-lang/crates.io-index)",
]

[[package]]
name = "c_vec"
version = "1.2.1"
source = "registry+https://github.com/rust-lang/crates.io-index"

[[package]]
name = "cairo-rs"
version = "0.1.3"
source = "git+https://github.com/gtk-rs/cairo#532c3a86bdc027a8a1b27353c011e3481954aa77"
dependencies = [
 "c_vec 1.2.1 (registry+https://github.com/rust-lang/crates.io-index)",
 "cairo-sys-rs 0.3.4 (git+https://github.com/gtk-rs/cairo)",
 "glib 0.1.3 (git+https://github.com/gtk-rs/glib)",
 "glib-sys 0.3.4 (git+https://github.com/gtk-rs/sys)",
 "libc 0.2.29 (registry+https://github.com/rust-lang/crates.io-index)",
 "winapi 0.2.8 (registry+https://github.com/rust-lang/crates.io-index)",
]

[[package]]
name = "cairo-sys-rs"
version = "0.3.4"
source = "git+https://github.com/gtk-rs/cairo#532c3a86bdc027a8a1b27353c011e3481954aa77"
dependencies = [
 "libc 0.2.29 (registry+https://github.com/rust-lang/crates.io-index)",
 "pkg-config 0.3.9 (registry+https://github.com/rust-lang/crates.io-index)",
 "winapi 0.2.8 (registry+https://github.com/rust-lang/crates.io-index)",
]

[[package]]
name = "cfg-if"
version = "0.1.2"
source = "registry+https://github.com/rust-lang/crates.io-index"

[[package]]
name = "conv"
version = "0.3.3"
source = "registry+https://github.com/rust-lang/crates.io-index"
dependencies = [
 "custom_derive 0.1.7 (registry+https://github.com/rust-lang/crates.io-index)",
]

[[package]]
name = "custom_derive"
version = "0.1.7"
source = "registry+https://github.com/rust-lang/crates.io-index"

[[package]]
name = "examples"
version = "0.1.0"
dependencies = [
 "futures 0.1.14 (registry+https://github.com/rust-lang/crates.io-index)",
 "gio 0.1.3 (git+https://github.com/gtk-rs/gio)",
 "glib 0.1.3 (git+https://github.com/gtk-rs/glib)",
 "gstreamer 0.1.0",
 "gstreamer-app 0.1.0",
 "gstreamer-player 0.1.0",
 "gtk 0.1.3 (git+https://github.com/gtk-rs/gtk)",
 "send-cell 0.1.2 (registry+https://github.com/rust-lang/crates.io-index)",
 "tokio-core 0.1.9 (registry+https://github.com/rust-lang/crates.io-index)",
]

[[package]]
name = "futures"
version = "0.1.14"
source = "registry+https://github.com/rust-lang/crates.io-index"

[[package]]
name = "gdk"
version = "0.5.3"
source = "git+https://github.com/gtk-rs/gdk#cdb612c726c6b5e507534dcdd1dc549459b3869a"
dependencies = [
 "bitflags 0.9.1 (registry+https://github.com/rust-lang/crates.io-index)",
 "cairo-rs 0.1.3 (git+https://github.com/gtk-rs/cairo)",
 "cairo-sys-rs 0.3.4 (git+https://github.com/gtk-rs/cairo)",
 "gdk-pixbuf 0.1.3 (git+https://github.com/gtk-rs/gdk-pixbuf)",
 "gdk-sys 0.3.4 (git+https://github.com/gtk-rs/sys)",
 "gio 0.1.3 (git+https://github.com/gtk-rs/gio)",
 "glib 0.1.3 (git+https://github.com/gtk-rs/glib)",
 "glib-sys 0.3.4 (git+https://github.com/gtk-rs/sys)",
 "gobject-sys 0.3.4 (git+https://github.com/gtk-rs/sys)",
 "libc 0.2.29 (registry+https://github.com/rust-lang/crates.io-index)",
 "pango 0.1.3 (git+https://github.com/gtk-rs/pango)",
]

[[package]]
name = "gdk-pixbuf"
version = "0.1.3"
source = "git+https://github.com/gtk-rs/gdk-pixbuf#cc1c9ab464bcf58624c3969cbe080292f98a43cf"
dependencies = [
 "gdk-pixbuf-sys 0.3.4 (git+https://github.com/gtk-rs/sys)",
 "glib 0.1.3 (git+https://github.com/gtk-rs/glib)",
 "glib-sys 0.3.4 (git+https://github.com/gtk-rs/sys)",
 "gobject-sys 0.3.4 (git+https://github.com/gtk-rs/sys)",
 "libc 0.2.29 (registry+https://github.com/rust-lang/crates.io-index)",
]

[[package]]
name = "gdk-pixbuf-sys"
version = "0.3.4"
source = "git+https://github.com/gtk-rs/sys#af83826e0a31f68bcddee17d3791fb01453dc632"
dependencies = [
 "bitflags 0.9.1 (registry+https://github.com/rust-lang/crates.io-index)",
 "gio-sys 0.3.4 (git+https://github.com/gtk-rs/sys)",
 "glib-sys 0.3.4 (git+https://github.com/gtk-rs/sys)",
 "gobject-sys 0.3.4 (git+https://github.com/gtk-rs/sys)",
 "libc 0.2.29 (registry+https://github.com/rust-lang/crates.io-index)",
 "pkg-config 0.3.9 (registry+https://github.com/rust-lang/crates.io-index)",
]

[[package]]
name = "gdk-sys"
version = "0.3.4"
source = "git+https://github.com/gtk-rs/sys#af83826e0a31f68bcddee17d3791fb01453dc632"
dependencies = [
 "bitflags 0.9.1 (registry+https://github.com/rust-lang/crates.io-index)",
 "cairo-sys-rs 0.3.4 (git+https://github.com/gtk-rs/cairo)",
 "gdk-pixbuf-sys 0.3.4 (git+https://github.com/gtk-rs/sys)",
 "gio-sys 0.3.4 (git+https://github.com/gtk-rs/sys)",
 "glib-sys 0.3.4 (git+https://github.com/gtk-rs/sys)",
 "gobject-sys 0.3.4 (git+https://github.com/gtk-rs/sys)",
 "libc 0.2.29 (registry+https://github.com/rust-lang/crates.io-index)",
 "pango-sys 0.3.4 (git+https://github.com/gtk-rs/sys)",
 "pkg-config 0.3.9 (registry+https://github.com/rust-lang/crates.io-index)",
]

[[package]]
name = "gio"
version = "0.1.3"
source = "git+https://github.com/gtk-rs/gio#2b2b061baf5c9410b3faac0fff28650dc773e750"
dependencies = [
 "bitflags 0.9.1 (registry+https://github.com/rust-lang/crates.io-index)",
 "gio-sys 0.3.4 (git+https://github.com/gtk-rs/sys)",
 "glib 0.1.3 (git+https://github.com/gtk-rs/glib)",
 "glib-sys 0.3.4 (git+https://github.com/gtk-rs/sys)",
 "gobject-sys 0.3.4 (git+https://github.com/gtk-rs/sys)",
 "libc 0.2.29 (registry+https://github.com/rust-lang/crates.io-index)",
]

[[package]]
name = "gio-sys"
version = "0.3.4"
source = "git+https://github.com/gtk-rs/sys#af83826e0a31f68bcddee17d3791fb01453dc632"
dependencies = [
 "bitflags 0.9.1 (registry+https://github.com/rust-lang/crates.io-index)",
 "glib-sys 0.3.4 (git+https://github.com/gtk-rs/sys)",
 "gobject-sys 0.3.4 (git+https://github.com/gtk-rs/sys)",
 "libc 0.2.29 (registry+https://github.com/rust-lang/crates.io-index)",
 "pkg-config 0.3.9 (registry+https://github.com/rust-lang/crates.io-index)",
]

[[package]]
name = "glib"
version = "0.1.3"
source = "git+https://github.com/gtk-rs/glib#dc304963b10e8950b71a73ab7c9620c931ef7950"
dependencies = [
 "bitflags 0.9.1 (registry+https://github.com/rust-lang/crates.io-index)",
 "glib-sys 0.3.4 (git+https://github.com/gtk-rs/sys)",
 "gobject-sys 0.3.4 (git+https://github.com/gtk-rs/sys)",
 "lazy_static 0.2.8 (registry+https://github.com/rust-lang/crates.io-index)",
 "libc 0.2.29 (registry+https://github.com/rust-lang/crates.io-index)",
]

[[package]]
name = "glib-sys"
version = "0.3.4"
source = "git+https://github.com/gtk-rs/sys#af83826e0a31f68bcddee17d3791fb01453dc632"
dependencies = [
 "bitflags 0.9.1 (registry+https://github.com/rust-lang/crates.io-index)",
 "libc 0.2.29 (registry+https://github.com/rust-lang/crates.io-index)",
 "pkg-config 0.3.9 (registry+https://github.com/rust-lang/crates.io-index)",
]

[[package]]
name = "gobject-sys"
version = "0.3.4"
source = "git+https://github.com/gtk-rs/sys#af83826e0a31f68bcddee17d3791fb01453dc632"
dependencies = [
 "bitflags 0.9.1 (registry+https://github.com/rust-lang/crates.io-index)",
 "glib-sys 0.3.4 (git+https://github.com/gtk-rs/sys)",
 "libc 0.2.29 (registry+https://github.com/rust-lang/crates.io-index)",
 "pkg-config 0.3.9 (registry+https://github.com/rust-lang/crates.io-index)",
]

[[package]]
name = "gstreamer"
version = "0.1.0"
dependencies = [
 "bitflags 0.9.1 (registry+https://github.com/rust-lang/crates.io-index)",
 "glib 0.1.3 (git+https://github.com/gtk-rs/glib)",
 "glib-sys 0.3.4 (git+https://github.com/gtk-rs/sys)",
 "gobject-sys 0.3.4 (git+https://github.com/gtk-rs/sys)",
 "gstreamer-sys 0.1.1 (git+https://github.com/sdroege/gstreamer-sys)",
 "lazy_static 0.2.8 (registry+https://github.com/rust-lang/crates.io-index)",
 "libc 0.2.29 (registry+https://github.com/rust-lang/crates.io-index)",
 "num-rational 0.1.39 (registry+https://github.com/rust-lang/crates.io-index)",
 "rustdoc-stripper 0.1.4 (registry+https://github.com/rust-lang/crates.io-index)",
]

[[package]]
name = "gstreamer-app"
version = "0.1.0"
dependencies = [
 "bitflags 0.9.1 (registry+https://github.com/rust-lang/crates.io-index)",
 "glib 0.1.3 (git+https://github.com/gtk-rs/glib)",
 "glib-sys 0.3.4 (git+https://github.com/gtk-rs/sys)",
 "gobject-sys 0.3.4 (git+https://github.com/gtk-rs/sys)",
 "gstreamer 0.1.0",
 "gstreamer-app-sys 0.1.1 (git+https://github.com/sdroege/gstreamer-sys)",
 "gstreamer-sys 0.1.1 (git+https://github.com/sdroege/gstreamer-sys)",
 "libc 0.2.29 (registry+https://github.com/rust-lang/crates.io-index)",
 "rustdoc-stripper 0.1.4 (registry+https://github.com/rust-lang/crates.io-index)",
]

[[package]]
name = "gstreamer-app-sys"
version = "0.1.1"
source = "git+https://github.com/sdroege/gstreamer-sys#252abbaeda64a3fdd8ccab291297500e3cdf6499"
dependencies = [
 "bitflags 0.9.1 (registry+https://github.com/rust-lang/crates.io-index)",
 "glib-sys 0.3.4 (git+https://github.com/gtk-rs/sys)",
 "gobject-sys 0.3.4 (git+https://github.com/gtk-rs/sys)",
 "gstreamer-base-sys 0.1.1 (git+https://github.com/sdroege/gstreamer-sys)",
 "gstreamer-sys 0.1.1 (git+https://github.com/sdroege/gstreamer-sys)",
 "libc 0.2.29 (registry+https://github.com/rust-lang/crates.io-index)",
 "pkg-config 0.3.9 (registry+https://github.com/rust-lang/crates.io-index)",
]

[[package]]
name = "gstreamer-audio"
version = "0.1.0"
dependencies = [
 "array-init 0.0.2 (registry+https://github.com/rust-lang/crates.io-index)",
 "bitflags 0.9.1 (registry+https://github.com/rust-lang/crates.io-index)",
 "glib 0.1.3 (git+https://github.com/gtk-rs/glib)",
 "glib-sys 0.3.4 (git+https://github.com/gtk-rs/sys)",
 "gobject-sys 0.3.4 (git+https://github.com/gtk-rs/sys)",
 "gstreamer 0.1.0",
 "gstreamer-audio-sys 0.1.1 (git+https://github.com/sdroege/gstreamer-sys)",
 "gstreamer-sys 0.1.1 (git+https://github.com/sdroege/gstreamer-sys)",
 "libc 0.2.29 (registry+https://github.com/rust-lang/crates.io-index)",
 "rustdoc-stripper 0.1.4 (registry+https://github.com/rust-lang/crates.io-index)",
]

[[package]]
name = "gstreamer-audio-sys"
version = "0.1.1"
source = "git+https://github.com/sdroege/gstreamer-sys#252abbaeda64a3fdd8ccab291297500e3cdf6499"
dependencies = [
 "bitflags 0.9.1 (registry+https://github.com/rust-lang/crates.io-index)",
 "glib-sys 0.3.4 (git+https://github.com/gtk-rs/sys)",
 "gobject-sys 0.3.4 (git+https://github.com/gtk-rs/sys)",
 "gstreamer-base-sys 0.1.1 (git+https://github.com/sdroege/gstreamer-sys)",
 "gstreamer-sys 0.1.1 (git+https://github.com/sdroege/gstreamer-sys)",
 "gstreamer-tag-sys 0.1.1 (git+https://github.com/sdroege/gstreamer-sys)",
 "libc 0.2.29 (registry+https://github.com/rust-lang/crates.io-index)",
 "pkg-config 0.3.9 (registry+https://github.com/rust-lang/crates.io-index)",
]

[[package]]
name = "gstreamer-base-sys"
version = "0.1.1"
source = "git+https://github.com/sdroege/gstreamer-sys#252abbaeda64a3fdd8ccab291297500e3cdf6499"
dependencies = [
 "bitflags 0.9.1 (registry+https://github.com/rust-lang/crates.io-index)",
 "glib-sys 0.3.4 (git+https://github.com/gtk-rs/sys)",
 "gobject-sys 0.3.4 (git+https://github.com/gtk-rs/sys)",
 "gstreamer-sys 0.1.1 (git+https://github.com/sdroege/gstreamer-sys)",
 "libc 0.2.29 (registry+https://github.com/rust-lang/crates.io-index)",
 "pkg-config 0.3.9 (registry+https://github.com/rust-lang/crates.io-index)",
]

[[package]]
name = "gstreamer-player"
version = "0.1.0"
dependencies = [
 "bitflags 0.9.1 (registry+https://github.com/rust-lang/crates.io-index)",
 "glib 0.1.3 (git+https://github.com/gtk-rs/glib)",
 "glib-sys 0.3.4 (git+https://github.com/gtk-rs/sys)",
 "gobject-sys 0.3.4 (git+https://github.com/gtk-rs/sys)",
 "gstreamer 0.1.0",
 "gstreamer-player-sys 0.1.1 (git+https://github.com/sdroege/gstreamer-sys)",
 "gstreamer-sys 0.1.1 (git+https://github.com/sdroege/gstreamer-sys)",
 "libc 0.2.29 (registry+https://github.com/rust-lang/crates.io-index)",
 "rustdoc-stripper 0.1.4 (registry+https://github.com/rust-lang/crates.io-index)",
]

[[package]]
name = "gstreamer-player-sys"
version = "0.1.1"
source = "git+https://github.com/sdroege/gstreamer-sys#669b24f66122067891bb5548e3ef85bc63493c19"
dependencies = [
 "bitflags 0.9.1 (registry+https://github.com/rust-lang/crates.io-index)",
 "glib-sys 0.3.4 (git+https://github.com/gtk-rs/sys)",
 "gobject-sys 0.3.4 (git+https://github.com/gtk-rs/sys)",
 "gstreamer-sys 0.1.1 (git+https://github.com/sdroege/gstreamer-sys)",
 "gstreamer-video-sys 0.1.1 (git+https://github.com/sdroege/gstreamer-sys)",
 "libc 0.2.29 (registry+https://github.com/rust-lang/crates.io-index)",
 "pkg-config 0.3.9 (registry+https://github.com/rust-lang/crates.io-index)",
]

[[package]]
name = "gstreamer-sys"
version = "0.1.1"
source = "git+https://github.com/sdroege/gstreamer-sys#252abbaeda64a3fdd8ccab291297500e3cdf6499"
dependencies = [
 "bitflags 0.9.1 (registry+https://github.com/rust-lang/crates.io-index)",
 "glib-sys 0.3.4 (git+https://github.com/gtk-rs/sys)",
 "gobject-sys 0.3.4 (git+https://github.com/gtk-rs/sys)",
 "libc 0.2.29 (registry+https://github.com/rust-lang/crates.io-index)",
 "pkg-config 0.3.9 (registry+https://github.com/rust-lang/crates.io-index)",
]

[[package]]
name = "gstreamer-tag-sys"
version = "0.1.1"
source = "git+https://github.com/sdroege/gstreamer-sys#252abbaeda64a3fdd8ccab291297500e3cdf6499"
dependencies = [
 "bitflags 0.9.1 (registry+https://github.com/rust-lang/crates.io-index)",
 "glib-sys 0.3.4 (git+https://github.com/gtk-rs/sys)",
 "gobject-sys 0.3.4 (git+https://github.com/gtk-rs/sys)",
 "gstreamer-base-sys 0.1.1 (git+https://github.com/sdroege/gstreamer-sys)",
 "gstreamer-sys 0.1.1 (git+https://github.com/sdroege/gstreamer-sys)",
 "libc 0.2.29 (registry+https://github.com/rust-lang/crates.io-index)",
 "pkg-config 0.3.9 (registry+https://github.com/rust-lang/crates.io-index)",
]

[[package]]
name = "gstreamer-video-sys"
version = "0.1.1"
source = "git+https://github.com/sdroege/gstreamer-sys#252abbaeda64a3fdd8ccab291297500e3cdf6499"
dependencies = [
 "bitflags 0.9.1 (registry+https://github.com/rust-lang/crates.io-index)",
 "glib-sys 0.3.4 (git+https://github.com/gtk-rs/sys)",
 "gobject-sys 0.3.4 (git+https://github.com/gtk-rs/sys)",
 "gstreamer-base-sys 0.1.1 (git+https://github.com/sdroege/gstreamer-sys)",
 "gstreamer-sys 0.1.1 (git+https://github.com/sdroege/gstreamer-sys)",
 "libc 0.2.29 (registry+https://github.com/rust-lang/crates.io-index)",
 "pkg-config 0.3.9 (registry+https://github.com/rust-lang/crates.io-index)",
]

[[package]]
name = "gtk"
version = "0.1.3"
source = "git+https://github.com/gtk-rs/gtk#d3fb35605254f794c4cf669f49d0cdfe09dfc9dc"
dependencies = [
 "bitflags 0.9.1 (registry+https://github.com/rust-lang/crates.io-index)",
 "cairo-rs 0.1.3 (git+https://github.com/gtk-rs/cairo)",
 "cairo-sys-rs 0.3.4 (git+https://github.com/gtk-rs/cairo)",
 "gdk 0.5.3 (git+https://github.com/gtk-rs/gdk)",
 "gdk-pixbuf 0.1.3 (git+https://github.com/gtk-rs/gdk-pixbuf)",
 "gdk-pixbuf-sys 0.3.4 (git+https://github.com/gtk-rs/sys)",
 "gdk-sys 0.3.4 (git+https://github.com/gtk-rs/sys)",
 "gio 0.1.3 (git+https://github.com/gtk-rs/gio)",
 "gio-sys 0.3.4 (git+https://github.com/gtk-rs/sys)",
 "glib 0.1.3 (git+https://github.com/gtk-rs/glib)",
 "glib-sys 0.3.4 (git+https://github.com/gtk-rs/sys)",
 "gobject-sys 0.3.4 (git+https://github.com/gtk-rs/sys)",
 "gtk-sys 0.3.4 (git+https://github.com/gtk-rs/sys)",
 "libc 0.2.29 (registry+https://github.com/rust-lang/crates.io-index)",
 "pango 0.1.3 (git+https://github.com/gtk-rs/pango)",
]

[[package]]
name = "gtk-sys"
version = "0.3.4"
source = "git+https://github.com/gtk-rs/sys#af83826e0a31f68bcddee17d3791fb01453dc632"
dependencies = [
 "atk-sys 0.3.4 (git+https://github.com/gtk-rs/sys)",
 "bitflags 0.9.1 (registry+https://github.com/rust-lang/crates.io-index)",
 "cairo-sys-rs 0.3.4 (git+https://github.com/gtk-rs/cairo)",
 "gdk-pixbuf-sys 0.3.4 (git+https://github.com/gtk-rs/sys)",
 "gdk-sys 0.3.4 (git+https://github.com/gtk-rs/sys)",
 "gio-sys 0.3.4 (git+https://github.com/gtk-rs/sys)",
 "glib-sys 0.3.4 (git+https://github.com/gtk-rs/sys)",
 "gobject-sys 0.3.4 (git+https://github.com/gtk-rs/sys)",
 "libc 0.2.29 (registry+https://github.com/rust-lang/crates.io-index)",
 "pango-sys 0.3.4 (git+https://github.com/gtk-rs/sys)",
 "pkg-config 0.3.9 (registry+https://github.com/rust-lang/crates.io-index)",
]

[[package]]
name = "iovec"
version = "0.1.0"
source = "registry+https://github.com/rust-lang/crates.io-index"
dependencies = [
 "libc 0.2.29 (registry+https://github.com/rust-lang/crates.io-index)",
 "winapi 0.2.8 (registry+https://github.com/rust-lang/crates.io-index)",
]

[[package]]
name = "kernel32-sys"
version = "0.2.2"
source = "registry+https://github.com/rust-lang/crates.io-index"
dependencies = [
 "winapi 0.2.8 (registry+https://github.com/rust-lang/crates.io-index)",
 "winapi-build 0.1.1 (registry+https://github.com/rust-lang/crates.io-index)",
]

[[package]]
name = "lazy_static"
version = "0.2.8"
source = "registry+https://github.com/rust-lang/crates.io-index"

[[package]]
name = "lazycell"
version = "0.5.1"
source = "registry+https://github.com/rust-lang/crates.io-index"

[[package]]
name = "libc"
version = "0.2.29"
source = "registry+https://github.com/rust-lang/crates.io-index"

[[package]]
name = "log"
version = "0.3.8"
source = "registry+https://github.com/rust-lang/crates.io-index"

[[package]]
name = "magenta"
version = "0.1.1"
source = "registry+https://github.com/rust-lang/crates.io-index"
dependencies = [
 "conv 0.3.3 (registry+https://github.com/rust-lang/crates.io-index)",
 "magenta-sys 0.1.1 (registry+https://github.com/rust-lang/crates.io-index)",
]

[[package]]
name = "magenta-sys"
version = "0.1.1"
source = "registry+https://github.com/rust-lang/crates.io-index"
dependencies = [
 "bitflags 0.7.0 (registry+https://github.com/rust-lang/crates.io-index)",
]

[[package]]
name = "mio"
version = "0.6.10"
source = "registry+https://github.com/rust-lang/crates.io-index"
dependencies = [
 "iovec 0.1.0 (registry+https://github.com/rust-lang/crates.io-index)",
 "kernel32-sys 0.2.2 (registry+https://github.com/rust-lang/crates.io-index)",
 "lazycell 0.5.1 (registry+https://github.com/rust-lang/crates.io-index)",
 "libc 0.2.29 (registry+https://github.com/rust-lang/crates.io-index)",
 "log 0.3.8 (registry+https://github.com/rust-lang/crates.io-index)",
 "magenta 0.1.1 (registry+https://github.com/rust-lang/crates.io-index)",
 "magenta-sys 0.1.1 (registry+https://github.com/rust-lang/crates.io-index)",
 "miow 0.2.1 (registry+https://github.com/rust-lang/crates.io-index)",
 "net2 0.2.30 (registry+https://github.com/rust-lang/crates.io-index)",
 "slab 0.3.0 (registry+https://github.com/rust-lang/crates.io-index)",
 "winapi 0.2.8 (registry+https://github.com/rust-lang/crates.io-index)",
]

[[package]]
name = "miow"
version = "0.2.1"
source = "registry+https://github.com/rust-lang/crates.io-index"
dependencies = [
 "kernel32-sys 0.2.2 (registry+https://github.com/rust-lang/crates.io-index)",
 "net2 0.2.30 (registry+https://github.com/rust-lang/crates.io-index)",
 "winapi 0.2.8 (registry+https://github.com/rust-lang/crates.io-index)",
 "ws2_32-sys 0.2.1 (registry+https://github.com/rust-lang/crates.io-index)",
]

[[package]]
name = "net2"
version = "0.2.30"
source = "registry+https://github.com/rust-lang/crates.io-index"
dependencies = [
 "cfg-if 0.1.2 (registry+https://github.com/rust-lang/crates.io-index)",
 "kernel32-sys 0.2.2 (registry+https://github.com/rust-lang/crates.io-index)",
 "libc 0.2.29 (registry+https://github.com/rust-lang/crates.io-index)",
 "winapi 0.2.8 (registry+https://github.com/rust-lang/crates.io-index)",
 "ws2_32-sys 0.2.1 (registry+https://github.com/rust-lang/crates.io-index)",
]

[[package]]
name = "nodrop"
version = "0.1.9"
source = "registry+https://github.com/rust-lang/crates.io-index"
dependencies = [
 "odds 0.2.25 (registry+https://github.com/rust-lang/crates.io-index)",
]

[[package]]
name = "num-integer"
version = "0.1.35"
source = "registry+https://github.com/rust-lang/crates.io-index"
dependencies = [
 "num-traits 0.1.40 (registry+https://github.com/rust-lang/crates.io-index)",
]

[[package]]
name = "num-rational"
version = "0.1.39"
source = "registry+https://github.com/rust-lang/crates.io-index"
dependencies = [
 "num-integer 0.1.35 (registry+https://github.com/rust-lang/crates.io-index)",
 "num-traits 0.1.40 (registry+https://github.com/rust-lang/crates.io-index)",
]

[[package]]
name = "num-traits"
version = "0.1.40"
source = "registry+https://github.com/rust-lang/crates.io-index"

[[package]]
name = "odds"
version = "0.2.25"
source = "registry+https://github.com/rust-lang/crates.io-index"

[[package]]
name = "pango"
version = "0.1.3"
source = "git+https://github.com/gtk-rs/pango#df1ed7040f41aba0266fabf1c000e36d77c75106"
dependencies = [
 "bitflags 0.9.1 (registry+https://github.com/rust-lang/crates.io-index)",
 "glib 0.1.3 (git+https://github.com/gtk-rs/glib)",
 "glib-sys 0.3.4 (git+https://github.com/gtk-rs/sys)",
 "gobject-sys 0.3.4 (git+https://github.com/gtk-rs/sys)",
 "libc 0.2.29 (registry+https://github.com/rust-lang/crates.io-index)",
 "pango-sys 0.3.4 (git+https://github.com/gtk-rs/sys)",
]

[[package]]
name = "pango-sys"
version = "0.3.4"
source = "git+https://github.com/gtk-rs/sys#af83826e0a31f68bcddee17d3791fb01453dc632"
dependencies = [
 "bitflags 0.9.1 (registry+https://github.com/rust-lang/crates.io-index)",
 "glib-sys 0.3.4 (git+https://github.com/gtk-rs/sys)",
 "gobject-sys 0.3.4 (git+https://github.com/gtk-rs/sys)",
 "libc 0.2.29 (registry+https://github.com/rust-lang/crates.io-index)",
 "pkg-config 0.3.9 (registry+https://github.com/rust-lang/crates.io-index)",
]

[[package]]
name = "pkg-config"
version = "0.3.9"
source = "registry+https://github.com/rust-lang/crates.io-index"

[[package]]
name = "rustdoc-stripper"
version = "0.1.4"
source = "registry+https://github.com/rust-lang/crates.io-index"

[[package]]
name = "scoped-tls"
version = "0.1.0"
source = "registry+https://github.com/rust-lang/crates.io-index"

[[package]]
name = "send-cell"
version = "0.1.2"
source = "registry+https://github.com/rust-lang/crates.io-index"

[[package]]
name = "slab"
version = "0.3.0"
source = "registry+https://github.com/rust-lang/crates.io-index"

[[package]]
name = "tokio-core"
version = "0.1.9"
source = "registry+https://github.com/rust-lang/crates.io-index"
dependencies = [
 "bytes 0.4.4 (registry+https://github.com/rust-lang/crates.io-index)",
 "futures 0.1.14 (registry+https://github.com/rust-lang/crates.io-index)",
 "iovec 0.1.0 (registry+https://github.com/rust-lang/crates.io-index)",
 "log 0.3.8 (registry+https://github.com/rust-lang/crates.io-index)",
 "mio 0.6.10 (registry+https://github.com/rust-lang/crates.io-index)",
 "scoped-tls 0.1.0 (registry+https://github.com/rust-lang/crates.io-index)",
 "slab 0.3.0 (registry+https://github.com/rust-lang/crates.io-index)",
 "tokio-io 0.1.2 (registry+https://github.com/rust-lang/crates.io-index)",
]

[[package]]
name = "tokio-io"
version = "0.1.2"
source = "registry+https://github.com/rust-lang/crates.io-index"
dependencies = [
 "bytes 0.4.4 (registry+https://github.com/rust-lang/crates.io-index)",
 "futures 0.1.14 (registry+https://github.com/rust-lang/crates.io-index)",
 "log 0.3.8 (registry+https://github.com/rust-lang/crates.io-index)",
]

[[package]]
name = "winapi"
version = "0.2.8"
source = "registry+https://github.com/rust-lang/crates.io-index"

[[package]]
name = "winapi-build"
version = "0.1.1"
source = "registry+https://github.com/rust-lang/crates.io-index"

[[package]]
name = "ws2_32-sys"
version = "0.2.1"
source = "registry+https://github.com/rust-lang/crates.io-index"
dependencies = [
 "winapi 0.2.8 (registry+https://github.com/rust-lang/crates.io-index)",
 "winapi-build 0.1.1 (registry+https://github.com/rust-lang/crates.io-index)",
]

[metadata]
"checksum array-init 0.0.2 (registry+https://github.com/rust-lang/crates.io-index)" = "4d3b508d35216892b50a135fb52c9bb90f04a97b7782230805dff1a156ad5469"
"checksum atk-sys 0.3.4 (git+https://github.com/gtk-rs/sys)" = "<none>"
"checksum bitflags 0.7.0 (registry+https://github.com/rust-lang/crates.io-index)" = "aad18937a628ec6abcd26d1489012cc0e18c21798210f491af69ded9b881106d"
"checksum bitflags 0.9.1 (registry+https://github.com/rust-lang/crates.io-index)" = "4efd02e230a02e18f92fc2735f44597385ed02ad8f831e7c1c1156ee5e1ab3a5"
"checksum byteorder 1.1.0 (registry+https://github.com/rust-lang/crates.io-index)" = "ff81738b726f5d099632ceaffe7fb65b90212e8dce59d518729e7e8634032d3d"
"checksum bytes 0.4.4 (registry+https://github.com/rust-lang/crates.io-index)" = "8b24f16593f445422331a5eed46b72f7f171f910fead4f2ea8f17e727e9c5c14"
"checksum c_vec 1.2.1 (registry+https://github.com/rust-lang/crates.io-index)" = "6237ac5a4b1e81c213c24c6437964c61e646df910a914b4ab1487b46df20bd13"
"checksum cairo-rs 0.1.3 (git+https://github.com/gtk-rs/cairo)" = "<none>"
"checksum cairo-sys-rs 0.3.4 (git+https://github.com/gtk-rs/cairo)" = "<none>"
"checksum cfg-if 0.1.2 (registry+https://github.com/rust-lang/crates.io-index)" = "d4c819a1287eb618df47cc647173c5c4c66ba19d888a6e50d605672aed3140de"
"checksum conv 0.3.3 (registry+https://github.com/rust-lang/crates.io-index)" = "78ff10625fd0ac447827aa30ea8b861fead473bb60aeb73af6c1c58caf0d1299"
"checksum custom_derive 0.1.7 (registry+https://github.com/rust-lang/crates.io-index)" = "ef8ae57c4978a2acd8b869ce6b9ca1dfe817bff704c220209fdef2c0b75a01b9"
"checksum futures 0.1.14 (registry+https://github.com/rust-lang/crates.io-index)" = "4b63a4792d4f8f686defe3b39b92127fea6344de5d38202b2ee5a11bbbf29d6a"
"checksum gdk 0.5.3 (git+https://github.com/gtk-rs/gdk)" = "<none>"
"checksum gdk-pixbuf 0.1.3 (git+https://github.com/gtk-rs/gdk-pixbuf)" = "<none>"
"checksum gdk-pixbuf-sys 0.3.4 (git+https://github.com/gtk-rs/sys)" = "<none>"
"checksum gdk-sys 0.3.4 (git+https://github.com/gtk-rs/sys)" = "<none>"
"checksum gio 0.1.3 (git+https://github.com/gtk-rs/gio)" = "<none>"
"checksum gio-sys 0.3.4 (git+https://github.com/gtk-rs/sys)" = "<none>"
"checksum glib 0.1.3 (git+https://github.com/gtk-rs/glib)" = "<none>"
"checksum glib-sys 0.3.4 (git+https://github.com/gtk-rs/sys)" = "<none>"
"checksum gobject-sys 0.3.4 (git+https://github.com/gtk-rs/sys)" = "<none>"
"checksum gstreamer-app-sys 0.1.1 (git+https://github.com/sdroege/gstreamer-sys)" = "<none>"
"checksum gstreamer-audio-sys 0.1.1 (git+https://github.com/sdroege/gstreamer-sys)" = "<none>"
"checksum gstreamer-base-sys 0.1.1 (git+https://github.com/sdroege/gstreamer-sys)" = "<none>"
"checksum gstreamer-player-sys 0.1.1 (git+https://github.com/sdroege/gstreamer-sys)" = "<none>"
"checksum gstreamer-sys 0.1.1 (git+https://github.com/sdroege/gstreamer-sys)" = "<none>"
"checksum gstreamer-tag-sys 0.1.1 (git+https://github.com/sdroege/gstreamer-sys)" = "<none>"
"checksum gstreamer-video-sys 0.1.1 (git+https://github.com/sdroege/gstreamer-sys)" = "<none>"
"checksum gtk 0.1.3 (git+https://github.com/gtk-rs/gtk)" = "<none>"
"checksum gtk-sys 0.3.4 (git+https://github.com/gtk-rs/sys)" = "<none>"
"checksum iovec 0.1.0 (registry+https://github.com/rust-lang/crates.io-index)" = "29d062ee61fccdf25be172e70f34c9f6efc597e1fb8f6526e8437b2046ab26be"
"checksum kernel32-sys 0.2.2 (registry+https://github.com/rust-lang/crates.io-index)" = "7507624b29483431c0ba2d82aece8ca6cdba9382bff4ddd0f7490560c056098d"
"checksum lazy_static 0.2.8 (registry+https://github.com/rust-lang/crates.io-index)" = "3b37545ab726dd833ec6420aaba8231c5b320814b9029ad585555d2a03e94fbf"
"checksum lazycell 0.5.1 (registry+https://github.com/rust-lang/crates.io-index)" = "3b585b7a6811fb03aa10e74b278a0f00f8dd9b45dc681f148bb29fa5cb61859b"
"checksum libc 0.2.29 (registry+https://github.com/rust-lang/crates.io-index)" = "8a014d9226c2cc402676fbe9ea2e15dd5222cd1dd57f576b5b283178c944a264"
"checksum log 0.3.8 (registry+https://github.com/rust-lang/crates.io-index)" = "880f77541efa6e5cc74e76910c9884d9859683118839d6a1dc3b11e63512565b"
"checksum magenta 0.1.1 (registry+https://github.com/rust-lang/crates.io-index)" = "4bf0336886480e671965f794bc9b6fce88503563013d1bfb7a502c81fe3ac527"
"checksum magenta-sys 0.1.1 (registry+https://github.com/rust-lang/crates.io-index)" = "40d014c7011ac470ae28e2f76a02bfea4a8480f73e701353b49ad7a8d75f4699"
"checksum mio 0.6.10 (registry+https://github.com/rust-lang/crates.io-index)" = "dbd91d3bfbceb13897065e97b2ef177a09a438cb33612b2d371bf568819a9313"
"checksum miow 0.2.1 (registry+https://github.com/rust-lang/crates.io-index)" = "8c1f2f3b1cf331de6896aabf6e9d55dca90356cc9960cca7eaaf408a355ae919"
"checksum net2 0.2.30 (registry+https://github.com/rust-lang/crates.io-index)" = "94101fd932816f97eb9a5116f6c1a11511a1fed7db21c5ccd823b2dc11abf566"
"checksum nodrop 0.1.9 (registry+https://github.com/rust-lang/crates.io-index)" = "52cd74cd09beba596430cc6e3091b74007169a56246e1262f0ba451ea95117b2"
"checksum num-integer 0.1.35 (registry+https://github.com/rust-lang/crates.io-index)" = "d1452e8b06e448a07f0e6ebb0bb1d92b8890eea63288c0b627331d53514d0fba"
"checksum num-rational 0.1.39 (registry+https://github.com/rust-lang/crates.io-index)" = "288629c76fac4b33556f4b7ab57ba21ae202da65ba8b77466e6d598e31990790"
"checksum num-traits 0.1.40 (registry+https://github.com/rust-lang/crates.io-index)" = "99843c856d68d8b4313b03a17e33c4bb42ae8f6610ea81b28abe076ac721b9b0"
"checksum odds 0.2.25 (registry+https://github.com/rust-lang/crates.io-index)" = "c3df9b730298cea3a1c3faa90b7e2f9df3a9c400d0936d6015e6165734eefcba"
"checksum pango 0.1.3 (git+https://github.com/gtk-rs/pango)" = "<none>"
"checksum pango-sys 0.3.4 (git+https://github.com/gtk-rs/sys)" = "<none>"
"checksum pkg-config 0.3.9 (registry+https://github.com/rust-lang/crates.io-index)" = "3a8b4c6b8165cd1a1cd4b9b120978131389f64bdaf456435caa41e630edba903"
"checksum rustdoc-stripper 0.1.4 (registry+https://github.com/rust-lang/crates.io-index)" = "ab70973988ecb752bc19e28e47bb3913bd98a8db8abe2dbd0f862067b176cf95"
"checksum scoped-tls 0.1.0 (registry+https://github.com/rust-lang/crates.io-index)" = "f417c22df063e9450888a7561788e9bd46d3bb3c1466435b4eccb903807f147d"
"checksum send-cell 0.1.2 (registry+https://github.com/rust-lang/crates.io-index)" = "1c620dd7e056b468b9d374a9f51cfa6bb4bf17a8ca4ee62e5efa0d99aaff2c41"
"checksum slab 0.3.0 (registry+https://github.com/rust-lang/crates.io-index)" = "17b4fcaed89ab08ef143da37bc52adbcc04d4a69014f4c1208d6b51f0c47bc23"
"checksum tokio-core 0.1.9 (registry+https://github.com/rust-lang/crates.io-index)" = "e85d419699ec4b71bfe35bbc25bb8771e52eff0471a7f75c853ad06e200b4f86"
"checksum tokio-io 0.1.2 (registry+https://github.com/rust-lang/crates.io-index)" = "c2c3ce9739f7387a0fa65b5421e81feae92e04d603f008898f4257790ce8c2db"
"checksum winapi 0.2.8 (registry+https://github.com/rust-lang/crates.io-index)" = "167dc9d6949a9b857f3451275e911c3f44255842c1f7a76f33c55103a909087a"
"checksum winapi-build 0.1.1 (registry+https://github.com/rust-lang/crates.io-index)" = "2d315eee3b34aca4797b2da6b13ed88266e6d612562a0c46390af8299fc699bc"
"checksum ws2_32-sys 0.2.1 (registry+https://github.com/rust-lang/crates.io-index)" = "d59cefebd0c892fa2dd6de581e937301d8552cb44489cdff035c6187cb63fa5e"
